{
  "nodes": {
    "nixpkgs": {
      "locked": {
        "lastModified": 1710806803,
        "narHash": "sha256-qrxvLS888pNJFwJdK+hf1wpRCSQcqA6W5+Ox202NDa0=",
        "owner": "nixos",
        "repo": "nixpkgs",
        "rev": "b06025f1533a1e07b6db3e75151caa155d1c7eb3",
        "type": "github"
      },
      "original": {
        "owner": "nixos",
        "ref": "nixos-unstable",
        "repo": "nixpkgs",
        "type": "github"
      }
    },
    "root": {
      "inputs": {
        "nixpkgs": "nixpkgs",
        "waybarpin": "waybarpin"
      }
    },
    "waybarpin": {
      "locked": {
        "lastModified": 1710283812,
        "narHash": "sha256-F+s4//HwNEXtgxZ6PLoe5khDTmUukPYbjCvx7us2vww=",
        "owner": "nixos",
        "repo": "nixpkgs",
        "rev": "73bf415737ceb66a6298f806f600cfe4dccd0a41",
        "type": "github"
      },
      "original": {
        "owner": "nixos",
        "repo": "nixpkgs",
        "rev": "73bf415737ceb66a6298f806f600cfe4dccd0a41",
        "type": "github"
      }
    }
  },
  "root": "root",
  "version": 7
}
